
Microsoft Visual Studio Solution File, Format Version 12.00
# Visual Studio Version 17
VisualStudioVersion = 17.2.32602.215
MinimumVisualStudioVersion = 10.0.40219.1
Project("{9A19103F-16F7-4668-BE54-9A1E7A4F7556}") = "SilverCraft.SilverConfig", "SilverCraft.SilverConfig.csproj", "{747F29B0-49C4-43B3-A252-91E7569C2BFC}"
EndProject
Global
	GlobalSection(SolutionConfigurationPlatforms) = preSolution
		Debug|Any CPU = Debug|Any CPU
		Release|Any CPU = Release|Any CPU
	EndGlobalSection
	GlobalSection(ProjectConfigurationPlatforms) = postSolution
		{747F29B0-49C4-43B3-A252-91E7569C2BFC}.Debug|Any CPU.ActiveCfg = Debug|Any CPU
		{747F29B0-49C4-43B3-A252-91E7569C2BFC}.Debug|Any CPU.Build.0 = Debug|Any CPU
		{747F29B0-49C4-43B3-A252-91E7569C2BFC}.Release|Any CPU.ActiveCfg = Release|Any CPU
		{747F29B0-49C4-43B3-A252-91E7569C2BFC}.Release|Any CPU.Build.0 = Release|Any CPU
	EndGlobalSection
	GlobalSection(SolutionProperties) = preSolution
		HideSolutionNode = FALSE
	EndGlobalSection
	GlobalSection(ExtensibilityGlobals) = postSolution
		SolutionGuid = {B71266F9-0B91-467A-9CC9-9AC1D3751F03}
	EndGlobalSection
EndGlobal
